
Microsoft Visual Studio Solution File, Format Version 12.00
# Visual Studio Version 17
VisualStudioVersion = 17.8.34309.116
MinimumVisualStudioVersion = 10.0.40219.1
Project("{9A19103F-16F7-4668-BE54-9A1E7A4F7556}") = "Demo.PL", "Demo.PL\Demo.PL.csproj", "{498905B2-7E47-4332-A6FB-713E3A44F945}"
EndProject
Project("{9A19103F-16F7-4668-BE54-9A1E7A4F7556}") = "Demo.DAL", "Demo.DAL\Demo.DAL.csproj", "{BA2BCBEF-0FC6-4400-85EA-F572CEC4A827}"
EndProject
Project("{9A19103F-16F7-4668-BE54-9A1E7A4F7556}") = "Demo.BLL", "Demo.BLL\Demo.BLL.csproj", "{92C8BBFA-DAE4-465D-A666-8D5C4948811F}"
EndProject
Global
	GlobalSection(SolutionConfigurationPlatforms) = preSolution
		Debug|Any CPU = Debug|Any CPU
		Release|Any CPU = Release|Any CPU
	EndGlobalSection
	GlobalSection(ProjectConfigurationPlatforms) = postSolution
		{498905B2-7E47-4332-A6FB-713E3A44F945}.Debug|Any CPU.ActiveCfg = Debug|Any CPU
		{498905B2-7E47-4332-A6FB-713E3A44F945}.Debug|Any CPU.Build.0 = Debug|Any CPU
		{498905B2-7E47-4332-A6FB-713E3A44F945}.Release|Any CPU.ActiveCfg = Release|Any CPU
		{498905B2-7E47-4332-A6FB-713E3A44F945}.Release|Any CPU.Build.0 = Release|Any CPU
		{BA2BCBEF-0FC6-4400-85EA-F572CEC4A827}.Debug|Any CPU.ActiveCfg = Debug|Any CPU
		{BA2BCBEF-0FC6-4400-85EA-F572CEC4A827}.Debug|Any CPU.Build.0 = Debug|Any CPU
		{BA2BCBEF-0FC6-4400-85EA-F572CEC4A827}.Release|Any CPU.ActiveCfg = Release|Any CPU
		{BA2BCBEF-0FC6-4400-85EA-F572CEC4A827}.Release|Any CPU.Build.0 = Release|Any CPU
		{92C8BBFA-DAE4-465D-A666-8D5C4948811F}.Debug|Any CPU.ActiveCfg = Debug|Any CPU
		{92C8BBFA-DAE4-465D-A666-8D5C4948811F}.Debug|Any CPU.Build.0 = Debug|Any CPU
		{92C8BBFA-DAE4-465D-A666-8D5C4948811F}.Release|Any CPU.ActiveCfg = Release|Any CPU
		{92C8BBFA-DAE4-465D-A666-8D5C4948811F}.Release|Any CPU.Build.0 = Release|Any CPU
	EndGlobalSection
	GlobalSection(SolutionProperties) = preSolution
		HideSolutionNode = FALSE
	EndGlobalSection
	GlobalSection(ExtensibilityGlobals) = postSolution
		SolutionGuid = {4A9A1812-D682-4ED2-9C15-208571C3A466}
	EndGlobalSection
EndGlobal
